// !$*UTF8*$!
{
	archiveVersion = 1;
	classes = {
	};
	objectVersion = 50;
	objects = {

/* Begin PBXBuildFile section */
		6B9F3F2625C8441B008C2BFF /* MoreView.swift in Sources */ = {isa = PBXBuildFile; fileRef = 6B9F3F2525C8441B008C2BFF /* MoreView.swift */; };
		6B9F3F2B25C84454008C2BFF /* CaptureScreenView.swift in Sources */ = {isa = PBXBuildFile; fileRef = 6B9F3F2A25C84454008C2BFF /* CaptureScreenView.swift */; };
		6B9F3F3325C84485008C2BFF /* MapScreenView.swift in Sources */ = {isa = PBXBuildFile; fileRef = 6B9F3F3225C84485008C2BFF /* MapScreenView.swift */; };
		6B9F3F3825C84498008C2BFF /* TrialsScreenView.swift in Sources */ = {isa = PBXBuildFile; fileRef = 6B9F3F3725C84498008C2BFF /* TrialsScreenView.swift */; };
		6BA699E6259A343900795BC3 /* HomeScreenView.swift in Sources */ = {isa = PBXBuildFile; fileRef = 6BA699E5259A343900795BC3 /* HomeScreenView.swift */; };
		6BAE270A258FFF9B006B3ABF /* AppDelegate.swift in Sources */ = {isa = PBXBuildFile; fileRef = 6BAE2709258FFF9B006B3ABF /* AppDelegate.swift */; };
		6BAE270C258FFF9B006B3ABF /* SceneDelegate.swift in Sources */ = {isa = PBXBuildFile; fileRef = 6BAE270B258FFF9B006B3ABF /* SceneDelegate.swift */; };
		6BAE270F258FFF9B006B3ABF /* Ness_Botanical_Gardens_Vistor_App.xcdatamodeld in Sources */ = {isa = PBXBuildFile; fileRef = 6BAE270D258FFF9B006B3ABF /* Ness_Botanical_Gardens_Vistor_App.xcdatamodeld */; };
		6BAE2711258FFF9B006B3ABF /* ContentView.swift in Sources */ = {isa = PBXBuildFile; fileRef = 6BAE2710258FFF9B006B3ABF /* ContentView.swift */; };
		6BAE2713258FFF9E006B3ABF /* Assets.xcassets in Resources */ = {isa = PBXBuildFile; fileRef = 6BAE2712258FFF9E006B3ABF /* Assets.xcassets */; };
		6BAE2716258FFF9E006B3ABF /* Preview Assets.xcassets in Resources */ = {isa = PBXBuildFile; fileRef = 6BAE2715258FFF9E006B3ABF /* Preview Assets.xcassets */; };
		6BAE2719258FFF9E006B3ABF /* LaunchScreen.storyboard in Resources */ = {isa = PBXBuildFile; fileRef = 6BAE2717258FFF9E006B3ABF /* LaunchScreen.storyboard */; };
		6BAE2724258FFF9E006B3ABF /* Ness_Botanical_Gardens_Vistor_AppTests.swift in Sources */ = {isa = PBXBuildFile; fileRef = 6BAE2723258FFF9E006B3ABF /* Ness_Botanical_Gardens_Vistor_AppTests.swift */; };
		6BAE272F258FFF9E006B3ABF /* Ness_Botanical_Gardens_Vistor_AppUITests.swift in Sources */ = {isa = PBXBuildFile; fileRef = 6BAE272E258FFF9E006B3ABF /* Ness_Botanical_Gardens_Vistor_AppUITests.swift */; };
/* End PBXBuildFile section */

/* Begin PBXContainerItemProxy section */
		6BAE2720258FFF9E006B3ABF /* PBXContainerItemProxy */ = {
			isa = PBXContainerItemProxy;
			containerPortal = 6BAE26FE258FFF9B006B3ABF /* Project object */;
			proxyType = 1;
			remoteGlobalIDString = 6BAE2705258FFF9B006B3ABF;
			remoteInfo = "Ness Botanical Gardens Vistor App";
		};
		6BAE272B258FFF9E006B3ABF /* PBXContainerItemProxy */ = {
			isa = PBXContainerItemProxy;
			containerPortal = 6BAE26FE258FFF9B006B3ABF /* Project object */;
			proxyType = 1;
			remoteGlobalIDString = 6BAE2705258FFF9B006B3ABF;
			remoteInfo = "Ness Botanical Gardens Vistor App";
		};
/* End PBXContainerItemProxy section */

/* Begin PBXFileReference section */
		6B9F3F2525C8441B008C2BFF /* MoreView.swift */ = {isa = PBXFileReference; lastKnownFileType = sourcecode.swift; path = MoreView.swift; sourceTree = "<group>"; };
		6B9F3F2A25C84454008C2BFF /* CaptureScreenView.swift */ = {isa = PBXFileReference; lastKnownFileType = sourcecode.swift; path = CaptureScreenView.swift; sourceTree = "<group>"; };
		6B9F3F3225C84485008C2BFF /* MapScreenView.swift */ = {isa = PBXFileReference; lastKnownFileType = sourcecode.swift; path = MapScreenView.swift; sourceTree = "<group>"; };
		6B9F3F3725C84498008C2BFF /* TrialsScreenView.swift */ = {isa = PBXFileReference; lastKnownFileType = sourcecode.swift; path = TrialsScreenView.swift; sourceTree = "<group>"; };
		6BA699E5259A343900795BC3 /* HomeScreenView.swift */ = {isa = PBXFileReference; lastKnownFileType = sourcecode.swift; path = HomeScreenView.swift; sourceTree = "<group>"; };
		6BAE2706258FFF9B006B3ABF /* Ness Botanical Gardens Vistor App.app */ = {isa = PBXFileReference; explicitFileType = wrapper.application; includeInIndex = 0; path = "Ness Botanical Gardens Vistor App.app"; sourceTree = BUILT_PRODUCTS_DIR; };
		6BAE2709258FFF9B006B3ABF /* AppDelegate.swift */ = {isa = PBXFileReference; lastKnownFileType = sourcecode.swift; path = AppDelegate.swift; sourceTree = "<group>"; };
		6BAE270B258FFF9B006B3ABF /* SceneDelegate.swift */ = {isa = PBXFileReference; lastKnownFileType = sourcecode.swift; path = SceneDelegate.swift; sourceTree = "<group>"; };
		6BAE270E258FFF9B006B3ABF /* Ness_Botanical_Gardens_Vistor_App.xcdatamodel */ = {isa = PBXFileReference; lastKnownFileType = wrapper.xcdatamodel; path = Ness_Botanical_Gardens_Vistor_App.xcdatamodel; sourceTree = "<group>"; };
		6BAE2710258FFF9B006B3ABF /* ContentView.swift */ = {isa = PBXFileReference; lastKnownFileType = sourcecode.swift; path = ContentView.swift; sourceTree = "<group>"; };
		6BAE2712258FFF9E006B3ABF /* Assets.xcassets */ = {isa = PBXFileReference; lastKnownFileType = folder.assetcatalog; path = Assets.xcassets; sourceTree = "<group>"; };
		6BAE2715258FFF9E006B3ABF /* Preview Assets.xcassets */ = {isa = PBXFileReference; lastKnownFileType = folder.assetcatalog; path = "Preview Assets.xcassets"; sourceTree = "<group>"; };
		6BAE2718258FFF9E006B3ABF /* Base */ = {isa = PBXFileReference; lastKnownFileType = file.storyboard; name = Base; path = Base.lproj/LaunchScreen.storyboard; sourceTree = "<group>"; };
		6BAE271A258FFF9E006B3ABF /* Info.plist */ = {isa = PBXFileReference; lastKnownFileType = text.plist.xml; path = Info.plist; sourceTree = "<group>"; };
		6BAE271F258FFF9E006B3ABF /* Ness Botanical Gardens Vistor AppTests.xctest */ = {isa = PBXFileReference; explicitFileType = wrapper.cfbundle; includeInIndex = 0; path = "Ness Botanical Gardens Vistor AppTests.xctest"; sourceTree = BUILT_PRODUCTS_DIR; };
		6BAE2723258FFF9E006B3ABF /* Ness_Botanical_Gardens_Vistor_AppTests.swift */ = {isa = PBXFileReference; lastKnownFileType = sourcecode.swift; path = Ness_Botanical_Gardens_Vistor_AppTests.swift; sourceTree = "<group>"; };
		6BAE2725258FFF9E006B3ABF /* Info.plist */ = {isa = PBXFileReference; lastKnownFileType = text.plist.xml; path = Info.plist; sourceTree = "<group>"; };
		6BAE272A258FFF9E006B3ABF /* Ness Botanical Gardens Vistor AppUITests.xctest */ = {isa = PBXFileReference; explicitFileType = wrapper.cfbundle; includeInIndex = 0; path = "Ness Botanical Gardens Vistor AppUITests.xctest"; sourceTree = BUILT_PRODUCTS_DIR; };
		6BAE272E258FFF9E006B3ABF /* Ness_Botanical_Gardens_Vistor_AppUITests.swift */ = {isa = PBXFileReference; lastKnownFileType = sourcecode.swift; path = Ness_Botanical_Gardens_Vistor_AppUITests.swift; sourceTree = "<group>"; };
		6BAE2730258FFF9E006B3ABF /* Info.plist */ = {isa = PBXFileReference; lastKnownFileType = text.plist.xml; path = Info.plist; sourceTree = "<group>"; };
/* End PBXFileReference section */

/* Begin PBXFrameworksBuildPhase section */
		6BAE2703258FFF9B006B3ABF /* Frameworks */ = {
			isa = PBXFrameworksBuildPhase;
			buildActionMask = 2147483647;
			files = (
			);
			runOnlyForDeploymentPostprocessing = 0;
		};
		6BAE271C258FFF9E006B3ABF /* Frameworks */ = {
			isa = PBXFrameworksBuildPhase;
			buildActionMask = 2147483647;
			files = (
			);
			runOnlyForDeploymentPostprocessing = 0;
		};
		6BAE2727258FFF9E006B3ABF /* Frameworks */ = {
			isa = PBXFrameworksBuildPhase;
			buildActionMask = 2147483647;
			files = (
			);
			runOnlyForDeploymentPostprocessing = 0;
		};
/* End PBXFrameworksBuildPhase section */

/* Begin PBXGroup section */
		6BAE26FD258FFF9B006B3ABF = {
			isa = PBXGroup;
			children = (
				6BAE2708258FFF9B006B3ABF /* Ness Botanical Gardens Vistor App */,
				6BAE2722258FFF9E006B3ABF /* Ness Botanical Gardens Vistor AppTests */,
				6BAE272D258FFF9E006B3ABF /* Ness Botanical Gardens Vistor AppUITests */,
				6BAE2707258FFF9B006B3ABF /* Products */,
			);
			sourceTree = "<group>";
		};
		6BAE2707258FFF9B006B3ABF /* Products */ = {
			isa = PBXGroup;
			children = (
				6BAE2706258FFF9B006B3ABF /* Ness Botanical Gardens Vistor App.app */,
				6BAE271F258FFF9E006B3ABF /* Ness Botanical Gardens Vistor AppTests.xctest */,
				6BAE272A258FFF9E006B3ABF /* Ness Botanical Gardens Vistor AppUITests.xctest */,
			);
			name = Products;
			sourceTree = "<group>";
		};
		6BAE2708258FFF9B006B3ABF /* Ness Botanical Gardens Vistor App */ = {
			isa = PBXGroup;
			children = (
				6BAE2710258FFF9B006B3ABF /* ContentView.swift */,
				6BA699E5259A343900795BC3 /* HomeScreenView.swift */,
				6B9F3F2525C8441B008C2BFF /* MoreView.swift */,
				6B9F3F2A25C84454008C2BFF /* CaptureScreenView.swift */,
				6B9F3F3225C84485008C2BFF /* MapScreenView.swift */,
				6B9F3F3725C84498008C2BFF /* TrialsScreenView.swift */,
				6BAE270B258FFF9B006B3ABF /* SceneDelegate.swift */,
				6BAE2709258FFF9B006B3ABF /* AppDelegate.swift */,
				6BAE2712258FFF9E006B3ABF /* Assets.xcassets */,
				6BAE2717258FFF9E006B3ABF /* LaunchScreen.storyboard */,
				6BAE271A258FFF9E006B3ABF /* Info.plist */,
				6BAE270D258FFF9B006B3ABF /* Ness_Botanical_Gardens_Vistor_App.xcdatamodeld */,
				6BAE2714258FFF9E006B3ABF /* Preview Content */,
			);
			path = "Ness Botanical Gardens Vistor App";
			sourceTree = "<group>";
		};
		6BAE2714258FFF9E006B3ABF /* Preview Content */ = {
			isa = PBXGroup;
			children = (
				6BAE2715258FFF9E006B3ABF /* Preview Assets.xcassets */,
			);
			path = "Preview Content";
			sourceTree = "<group>";
		};
		6BAE2722258FFF9E006B3ABF /* Ness Botanical Gardens Vistor AppTests */ = {
			isa = PBXGroup;
			children = (
				6BAE2723258FFF9E006B3ABF /* Ness_Botanical_Gardens_Vistor_AppTests.swift */,
				6BAE2725258FFF9E006B3ABF /* Info.plist */,
			);
			path = "Ness Botanical Gardens Vistor AppTests";
			sourceTree = "<group>";
		};
		6BAE272D258FFF9E006B3ABF /* Ness Botanical Gardens Vistor AppUITests */ = {
			isa = PBXGroup;
			children = (
				6BAE272E258FFF9E006B3ABF /* Ness_Botanical_Gardens_Vistor_AppUITests.swift */,
				6BAE2730258FFF9E006B3ABF /* Info.plist */,
			);
			path = "Ness Botanical Gardens Vistor AppUITests";
			sourceTree = "<group>";
		};
/* End PBXGroup section */

/* Begin PBXNativeTarget section */
		6BAE2705258FFF9B006B3ABF /* Ness Botanical Gardens Vistor App */ = {
			isa = PBXNativeTarget;
			buildConfigurationList = 6BAE2733258FFF9E006B3ABF /* Build configuration list for PBXNativeTarget "Ness Botanical Gardens Vistor App" */;
			buildPhases = (
				6BAE2702258FFF9B006B3ABF /* Sources */,
				6BAE2703258FFF9B006B3ABF /* Frameworks */,
				6BAE2704258FFF9B006B3ABF /* Resources */,
			);
			buildRules = (
			);
			dependencies = (
			);
			name = "Ness Botanical Gardens Vistor App";
			productName = "Ness Botanical Gardens Vistor App";
			productReference = 6BAE2706258FFF9B006B3ABF /* Ness Botanical Gardens Vistor App.app */;
			productType = "com.apple.product-type.application";
		};
		6BAE271E258FFF9E006B3ABF /* Ness Botanical Gardens Vistor AppTests */ = {
			isa = PBXNativeTarget;
			buildConfigurationList = 6BAE2736258FFF9E006B3ABF /* Build configuration list for PBXNativeTarget "Ness Botanical Gardens Vistor AppTests" */;
			buildPhases = (
				6BAE271B258FFF9E006B3ABF /* Sources */,
				6BAE271C258FFF9E006B3ABF /* Frameworks */,
				6BAE271D258FFF9E006B3ABF /* Resources */,
			);
			buildRules = (
			);
			dependencies = (
				6BAE2721258FFF9E006B3ABF /* PBXTargetDependency */,
			);
			name = "Ness Botanical Gardens Vistor AppTests";
			productName = "Ness Botanical Gardens Vistor AppTests";
			productReference = 6BAE271F258FFF9E006B3ABF /* Ness Botanical Gardens Vistor AppTests.xctest */;
			productType = "com.apple.product-type.bundle.unit-test";
		};
		6BAE2729258FFF9E006B3ABF /* Ness Botanical Gardens Vistor AppUITests */ = {
			isa = PBXNativeTarget;
			buildConfigurationList = 6BAE2739258FFF9E006B3ABF /* Build configuration list for PBXNativeTarget "Ness Botanical Gardens Vistor AppUITests" */;
			buildPhases = (
				6BAE2726258FFF9E006B3ABF /* Sources */,
				6BAE2727258FFF9E006B3ABF /* Frameworks */,
				6BAE2728258FFF9E006B3ABF /* Resources */,
			);
			buildRules = (
			);
			dependencies = (
				6BAE272C258FFF9E006B3ABF /* PBXTargetDependency */,
			);
			name = "Ness Botanical Gardens Vistor AppUITests";
			productName = "Ness Botanical Gardens Vistor AppUITests";
			productReference = 6BAE272A258FFF9E006B3ABF /* Ness Botanical Gardens Vistor AppUITests.xctest */;
			productType = "com.apple.product-type.bundle.ui-testing";
		};
/* End PBXNativeTarget section */

/* Begin PBXProject section */
		6BAE26FE258FFF9B006B3ABF /* Project object */ = {
			isa = PBXProject;
			attributes = {
				LastSwiftUpdateCheck = 1130;
				LastUpgradeCheck = 1130;
				ORGANIZATIONNAME = LachlanSmith;
				TargetAttributes = {
					6BAE2705258FFF9B006B3ABF = {
						CreatedOnToolsVersion = 11.3.1;
					};
					6BAE271E258FFF9E006B3ABF = {
						CreatedOnToolsVersion = 11.3.1;
						TestTargetID = 6BAE2705258FFF9B006B3ABF;
					};
					6BAE2729258FFF9E006B3ABF = {
						CreatedOnToolsVersion = 11.3.1;
						TestTargetID = 6BAE2705258FFF9B006B3ABF;
					};
				};
			};
			buildConfigurationList = 6BAE2701258FFF9B006B3ABF /* Build configuration list for PBXProject "Ness Botanical Gardens Vistor App" */;
			compatibilityVersion = "Xcode 9.3";
			developmentRegion = en;
			hasScannedForEncodings = 0;
			knownRegions = (
				en,
				Base,
			);
			mainGroup = 6BAE26FD258FFF9B006B3ABF;
			productRefGroup = 6BAE2707258FFF9B006B3ABF /* Products */;
			projectDirPath = "";
			projectRoot = "";
			targets = (
				6BAE2705258FFF9B006B3ABF /* Ness Botanical Gardens Vistor App */,
				6BAE271E258FFF9E006B3ABF /* Ness Botanical Gardens Vistor AppTests */,
				6BAE2729258FFF9E006B3ABF /* Ness Botanical Gardens Vistor AppUITests */,
			);
		};
/* End PBXProject section */

/* Begin PBXResourcesBuildPhase section */
		6BAE2704258FFF9B006B3ABF /* Resources */ = {
			isa = PBXResourcesBuildPhase;
			buildActionMask = 2147483647;
			files = (
				6BAE2719258FFF9E006B3ABF /* LaunchScreen.storyboard in Resources */,
				6BAE2716258FFF9E006B3ABF /* Preview Assets.xcassets in Resources */,
				6BAE2713258FFF9E006B3ABF /* Assets.xcassets in Resources */,
			);
			runOnlyForDeploymentPostprocessing = 0;
		};
		6BAE271D258FFF9E006B3ABF /* Resources */ = {
			isa = PBXResourcesBuildPhase;
			buildActionMask = 2147483647;
			files = (
			);
			runOnlyForDeploymentPostprocessing = 0;
		};
		6BAE2728258FFF9E006B3ABF /* Resources */ = {
			isa = PBXResourcesBuildPhase;
			buildActionMask = 2147483647;
			files = (
			);
			runOnlyForDeploymentPostprocessing = 0;
		};
/* End PBXResourcesBuildPhase section */

/* Begin PBXSourcesBuildPhase section */
		6BAE2702258FFF9B006B3ABF /* Sources */ = {
			isa = PBXSourcesBuildPhase;
			buildActionMask = 2147483647;
			files = (
				6BAE270A258FFF9B006B3ABF /* AppDelegate.swift in Sources */,
				6B9F3F2B25C84454008C2BFF /* CaptureScreenView.swift in Sources */,
				6B9F3F2625C8441B008C2BFF /* MoreView.swift in Sources */,
				6BAE270F258FFF9B006B3ABF /* Ness_Botanical_Gardens_Vistor_App.xcdatamodeld in Sources */,
				6BA699E6259A343900795BC3 /* HomeScreenView.swift in Sources */,
				6BAE2711258FFF9B006B3ABF /* ContentView.swift in Sources */,
				6BAE270C258FFF9B006B3ABF /* SceneDelegate.swift in Sources */,
				6B9F3F3825C84498008C2BFF /* TrialsScreenView.swift in Sources */,
				6B9F3F3325C84485008C2BFF /* MapScreenView.swift in Sources */,
			);
			runOnlyForDeploymentPostprocessing = 0;
		};
		6BAE271B258FFF9E006B3ABF /* Sources */ = {
			isa = PBXSourcesBuildPhase;
			buildActionMask = 2147483647;
			files = (
				6BAE2724258FFF9E006B3ABF /* Ness_Botanical_Gardens_Vistor_AppTests.swift in Sources */,
			);
			runOnlyForDeploymentPostprocessing = 0;
		};
		6BAE2726258FFF9E006B3ABF /* Sources */ = {
			isa = PBXSourcesBuildPhase;
			buildActionMask = 2147483647;
			files = (
				6BAE272F258FFF9E006B3ABF /* Ness_Botanical_Gardens_Vistor_AppUITests.swift in Sources */,
			);
			runOnlyForDeploymentPostprocessing = 0;
		};
/* End PBXSourcesBuildPhase section */

/* Begin PBXTargetDependency section */
		6BAE2721258FFF9E006B3ABF /* PBXTargetDependency */ = {
			isa = PBXTargetDependency;
			target = 6BAE2705258FFF9B006B3ABF /* Ness Botanical Gardens Vistor App */;
			targetProxy = 6BAE2720258FFF9E006B3ABF /* PBXContainerItemProxy */;
		};
		6BAE272C258FFF9E006B3ABF /* PBXTargetDependency */ = {
			isa = PBXTargetDependency;
			target = 6BAE2705258FFF9B006B3ABF /* Ness Botanical Gardens Vistor App */;
			targetProxy = 6BAE272B258FFF9E006B3ABF /* PBXContainerItemProxy */;
		};
/* End PBXTargetDependency section */

/* Begin PBXVariantGroup section */
		6BAE2717258FFF9E006B3ABF /* LaunchScreen.storyboard */ = {
			isa = PBXVariantGroup;
			children = (
				6BAE2718258FFF9E006B3ABF /* Base */,
			);
			name = LaunchScreen.storyboard;
			sourceTree = "<group>";
		};
/* End PBXVariantGroup section */

/* Begin XCBuildConfiguration section */
		6BAE2731258FFF9E006B3ABF /* Debug */ = {
			isa = XCBuildConfiguration;
			buildSettings = {
				ALWAYS_SEARCH_USER_PATHS = NO;
				CLANG_ANALYZER_NONNULL = YES;
				CLANG_ANALYZER_NUMBER_OBJECT_CONVERSION = YES_AGGRESSIVE;
				CLANG_CXX_LANGUAGE_STANDARD = "gnu++14";
				CLANG_CXX_LIBRARY = "libc++";
				CLANG_ENABLE_MODULES = YES;
				CLANG_ENABLE_OBJC_ARC = YES;
				CLANG_ENABLE_OBJC_WEAK = YES;
				CLANG_WARN_BLOCK_CAPTURE_AUTORELEASING = YES;
				CLANG_WARN_BOOL_CONVERSION = YES;
				CLANG_WARN_COMMA = YES;
				CLANG_WARN_CONSTANT_CONVERSION = YES;
				CLANG_WARN_DEPRECATED_OBJC_IMPLEMENTATIONS = YES;
				CLANG_WARN_DIRECT_OBJC_ISA_USAGE = YES_ERROR;
				CLANG_WARN_DOCUMENTATION_COMMENTS = YES;
				CLANG_WARN_EMPTY_BODY = YES;
				CLANG_WARN_ENUM_CONVERSION = YES;
				CLANG_WARN_INFINITE_RECURSION = YES;
				CLANG_WARN_INT_CONVERSION = YES;
				CLANG_WARN_NON_LITERAL_NULL_CONVERSION = YES;
				CLANG_WARN_OBJC_IMPLICIT_RETAIN_SELF = YES;
				CLANG_WARN_OBJC_LITERAL_CONVERSION = YES;
				CLANG_WARN_OBJC_ROOT_CLASS = YES_ERROR;
				CLANG_WARN_RANGE_LOOP_ANALYSIS = YES;
				CLANG_WARN_STRICT_PROTOTYPES = YES;
				CLANG_WARN_SUSPICIOUS_MOVE = YES;
				CLANG_WARN_UNGUARDED_AVAILABILITY = YES_AGGRESSIVE;
				CLANG_WARN_UNREACHABLE_CODE = YES;
				CLANG_WARN__DUPLICATE_METHOD_MATCH = YES;
				COPY_PHASE_STRIP = NO;
				DEBUG_INFORMATION_FORMAT = dwarf;
				ENABLE_STRICT_OBJC_MSGSEND = YES;
				ENABLE_TESTABILITY = YES;
				GCC_C_LANGUAGE_STANDARD = gnu11;
				GCC_DYNAMIC_NO_PIC = NO;
				GCC_NO_COMMON_BLOCKS = YES;
				GCC_OPTIMIZATION_LEVEL = 0;
				GCC_PREPROCESSOR_DEFINITIONS = (
					"DEBUG=1",
					"$(inherited)",
				);
				GCC_WARN_64_TO_32_BIT_CONVERSION = YES;
				GCC_WARN_ABOUT_RETURN_TYPE = YES_ERROR;
				GCC_WARN_UNDECLARED_SELECTOR = YES;
				GCC_WARN_UNINITIALIZED_AUTOS = YES_AGGRESSIVE;
				GCC_WARN_UNUSED_FUNCTION = YES;
				GCC_WARN_UNUSED_VARIABLE = YES;
				IPHONEOS_DEPLOYMENT_TARGET = 13.2;
				MTL_ENABLE_DEBUG_INFO = INCLUDE_SOURCE;
				MTL_FAST_MATH = YES;
				ONLY_ACTIVE_ARCH = YES;
				SDKROOT = iphoneos;
				SWIFT_ACTIVE_COMPILATION_CONDITIONS = DEBUG;
				SWIFT_OPTIMIZATION_LEVEL = "-Onone";
			};
			name = Debug;
		};
		6BAE2732258FFF9E006B3ABF /* Release */ = {
			isa = XCBuildConfiguration;
			buildSettings = {
				ALWAYS_SEARCH_USER_PATHS = NO;
				CLANG_ANALYZER_NONNULL = YES;
				CLANG_ANALYZER_NUMBER_OBJECT_CONVERSION = YES_AGGRESSIVE;
				CLANG_CXX_LANGUAGE_STANDARD = "gnu++14";
				CLANG_CXX_LIBRARY = "libc++";
				CLANG_ENABLE_MODULES = YES;
				CLANG_ENABLE_OBJC_ARC = YES;
				CLANG_ENABLE_OBJC_WEAK = YES;
				CLANG_WARN_BLOCK_CAPTURE_AUTORELEASING = YES;
				CLANG_WARN_BOOL_CONVERSION = YES;
				CLANG_WARN_COMMA = YES;
				CLANG_WARN_CONSTANT_CONVERSION = YES;
				CLANG_WARN_DEPRECATED_OBJC_IMPLEMENTATIONS = YES;
				CLANG_WARN_DIRECT_OBJC_ISA_USAGE = YES_ERROR;
				CLANG_WARN_DOCUMENTATION_COMMENTS = YES;
				CLANG_WARN_EMPTY_BODY = YES;
				CLANG_WARN_ENUM_CONVERSION = YES;
				CLANG_WARN_INFINITE_RECURSION = YES;
				CLANG_WARN_INT_CONVERSION = YES;
				CLANG_WARN_NON_LITERAL_NULL_CONVERSION = YES;
				CLANG_WARN_OBJC_IMPLICIT_RETAIN_SELF = YES;
				CLANG_WARN_OBJC_LITERAL_CONVERSION = YES;
				CLANG_WARN_OBJC_ROOT_CLASS = YES_ERROR;
				CLANG_WARN_RANGE_LOOP_ANALYSIS = YES;
				CLANG_WARN_STRICT_PROTOTYPES = YES;
				CLANG_WARN_SUSPICIOUS_MOVE = YES;
				CLANG_WARN_UNGUARDED_AVAILABILITY = YES_AGGRESSIVE;
				CLANG_WARN_UNREACHABLE_CODE = YES;
				CLANG_WARN__DUPLICATE_METHOD_MATCH = YES;
				COPY_PHASE_STRIP = NO;
				DEBUG_INFORMATION_FORMAT = "dwarf-with-dsym";
				ENABLE_NS_ASSERTIONS = NO;
				ENABLE_STRICT_OBJC_MSGSEND = YES;
				GCC_C_LANGUAGE_STANDARD = gnu11;
				GCC_NO_COMMON_BLOCKS = YES;
				GCC_WARN_64_TO_32_BIT_CONVERSION = YES;
				GCC_WARN_ABOUT_RETURN_TYPE = YES_ERROR;
				GCC_WARN_UNDECLARED_SELECTOR = YES;
				GCC_WARN_UNINITIALIZED_AUTOS = YES_AGGRESSIVE;
				GCC_WARN_UNUSED_FUNCTION = YES;
				GCC_WARN_UNUSED_VARIABLE = YES;
				IPHONEOS_DEPLOYMENT_TARGET = 13.2;
				MTL_ENABLE_DEBUG_INFO = NO;
				MTL_FAST_MATH = YES;
				SDKROOT = iphoneos;
				SWIFT_COMPILATION_MODE = wholemodule;
				SWIFT_OPTIMIZATION_LEVEL = "-O";
				VALIDATE_PRODUCT = YES;
			};
			name = Release;
		};
		6BAE2734258FFF9E006B3ABF /* Debug */ = {
			isa = XCBuildConfiguration;
			buildSettings = {
				ASSETCATALOG_COMPILER_APPICON_NAME = AppIcon;
				CODE_SIGN_STYLE = Automatic;
				DEVELOPMENT_ASSET_PATHS = "\"Ness Botanical Gardens Vistor App/Preview Content\"";
				DEVELOPMENT_TEAM = RWP52HBAUP;
				ENABLE_PREVIEWS = YES;
				INFOPLIST_FILE = "Ness Botanical Gardens Vistor App/Info.plist";
				LD_RUNPATH_SEARCH_PATHS = (
					"$(inherited)",
					"@executable_path/Frameworks",
				);
				PRODUCT_BUNDLE_IDENTIFIER = "com.lachlan-smith.Ness-Botanical-Gardens-Vistor-App";
				PRODUCT_NAME = "$(TARGET_NAME)";
				SWIFT_VERSION = 5.0;
				TARGETED_DEVICE_FAMILY = "1,2";
			};
			name = Debug;
		};
		6BAE2735258FFF9E006B3ABF /* Release */ = {
			isa = XCBuildConfiguration;
			buildSettings = {
				ASSETCATALOG_COMPILER_APPICON_NAME = AppIcon;
				CODE_SIGN_STYLE = Automatic;
				DEVELOPMENT_ASSET_PATHS = "\"Ness Botanical Gardens Vistor App/Preview Content\"";
				DEVELOPMENT_TEAM = RWP52HBAUP;
				ENABLE_PREVIEWS = YES;
				INFOPLIST_FILE = "Ness Botanical Gardens Vistor App/Info.plist";
				LD_RUNPATH_SEARCH_PATHS = (
					"$(inherited)",
					"@executable_path/Frameworks",
				);
				PRODUCT_BUNDLE_IDENTIFIER = "com.lachlan-smith.Ness-Botanical-Gardens-Vistor-App";
				PRODUCT_NAME = "$(TARGET_NAME)";
				SWIFT_VERSION = 5.0;
				TARGETED_DEVICE_FAMILY = "1,2";
			};
			name = Release;
		};
		6BAE2737258FFF9E006B3ABF /* Debug */ = {
			isa = XCBuildConfiguration;
			buildSettings = {
				ALWAYS_EMBED_SWIFT_STANDARD_LIBRARIES = YES;
				BUNDLE_LOADER = "$(TEST_HOST)";
				CODE_SIGN_STYLE = Automatic;
				DEVELOPMENT_TEAM = RWP52HBAUP;
				INFOPLIST_FILE = "Ness Botanical Gardens Vistor AppTests/Info.plist";
				IPHONEOS_DEPLOYMENT_TARGET = 13.2;
				LD_RUNPATH_SEARCH_PATHS = (
					"$(inherited)",
					"@executable_path/Frameworks",
					"@loader_path/Frameworks",
				);
				PRODUCT_BUNDLE_IDENTIFIER = "com.lachlan-smith.Ness-Botanical-Gardens-Vistor-AppTests";
				PRODUCT_NAME = "$(TARGET_NAME)";
				SWIFT_VERSION = 5.0;
				TARGETED_DEVICE_FAMILY = "1,2";
				TEST_HOST = "$(BUILT_PRODUCTS_DIR)/Ness Botanical Gardens Vistor App.app/Ness Botanical Gardens Vistor App";
			};
			name = Debug;
		};
		6BAE2738258FFF9E006B3ABF /* Release */ = {
			isa = XCBuildConfiguration;
			buildSettings = {
				ALWAYS_EMBED_SWIFT_STANDARD_LIBRARIES = YES;
				BUNDLE_LOADER = "$(TEST_HOST)";
				CODE_SIGN_STYLE = Automatic;
				DEVELOPMENT_TEAM = RWP52HBAUP;
				INFOPLIST_FILE = "Ness Botanical Gardens Vistor AppTests/Info.plist";
				IPHONEOS_DEPLOYMENT_TARGET = 13.2;
				LD_RUNPATH_SEARCH_PATHS = (
					"$(inherited)",
					"@executable_path/Frameworks",
					"@loader_path/Frameworks",
				);
				PRODUCT_BUNDLE_IDENTIFIER = "com.lachlan-smith.Ness-Botanical-Gardens-Vistor-AppTests";
				PRODUCT_NAME = "$(TARGET_NAME)";
				SWIFT_VERSION = 5.0;
				TARGETED_DEVICE_FAMILY = "1,2";
				TEST_HOST = "$(BUILT_PRODUCTS_DIR)/Ness Botanical Gardens Vistor App.app/Ness Botanical Gardens Vistor App";
			};
			name = Release;
		};
		6BAE273A258FFF9E006B3ABF /* Debug */ = {
			isa = XCBuildConfiguration;
			buildSettings = {
				ALWAYS_EMBED_SWIFT_STANDARD_LIBRARIES = YES;
				CODE_SIGN_STYLE = Automatic;
				DEVELOPMENT_TEAM = RWP52HBAUP;
				INFOPLIST_FILE = "Ness Botanical Gardens Vistor AppUITests/Info.plist";
				LD_RUNPATH_SEARCH_PATHS = (
					"$(inherited)",
					"@executable_path/Frameworks",
					"@loader_path/Frameworks",
				);
				PRODUCT_BUNDLE_IDENTIFIER = "com.lachlan-smith.Ness-Botanical-Gardens-Vistor-AppUITests";
				PRODUCT_NAME = "$(TARGET_NAME)";
				SWIFT_VERSION = 5.0;
				TARGETED_DEVICE_FAMILY = "1,2";
				TEST_TARGET_NAME = "Ness Botanical Gardens Vistor App";
			};
			name = Debug;
		};
		6BAE273B258FFF9E006B3ABF /* Release */ = {
			isa = XCBuildConfiguration;
			buildSettings = {
				ALWAYS_EMBED_SWIFT_STANDARD_LIBRARIES = YES;
				CODE_SIGN_STYLE = Automatic;
				DEVELOPMENT_TEAM = RWP52HBAUP;
				INFOPLIST_FILE = "Ness Botanical Gardens Vistor AppUITests/Info.plist";
				LD_RUNPATH_SEARCH_PATHS = (
					"$(inherited)",
					"@executable_path/Frameworks",
					"@loader_path/Frameworks",
				);
				PRODUCT_BUNDLE_IDENTIFIER = "com.lachlan-smith.Ness-Botanical-Gardens-Vistor-AppUITests";
				PRODUCT_NAME = "$(TARGET_NAME)";
				SWIFT_VERSION = 5.0;
				TARGETED_DEVICE_FAMILY = "1,2";
				TEST_TARGET_NAME = "Ness Botanical Gardens Vistor App";
			};
			name = Release;
		};
/* End XCBuildConfiguration section */

/* Begin XCConfigurationList section */
		6BAE2701258FFF9B006B3ABF /* Build configuration list for PBXProject "Ness Botanical Gardens Vistor App" */ = {
			isa = XCConfigurationList;
			buildConfigurations = (
				6BAE2731258FFF9E006B3ABF /* Debug */,
				6BAE2732258FFF9E006B3ABF /* Release */,
			);
			defaultConfigurationIsVisible = 0;
			defaultConfigurationName = Release;
		};
		6BAE2733258FFF9E006B3ABF /* Build configuration list for PBXNativeTarget "Ness Botanical Gardens Vistor App" */ = {
			isa = XCConfigurationList;
			buildConfigurations = (
				6BAE2734258FFF9E006B3ABF /* Debug */,
				6BAE2735258FFF9E006B3ABF /* Release */,
			);
			defaultConfigurationIsVisible = 0;
			defaultConfigurationName = Release;
		};
		6BAE2736258FFF9E006B3ABF /* Build configuration list for PBXNativeTarget "Ness Botanical Gardens Vistor AppTests" */ = {
			isa = XCConfigurationList;
			buildConfigurations = (
				6BAE2737258FFF9E006B3ABF /* Debug */,
				6BAE2738258FFF9E006B3ABF /* Release */,
			);
			defaultConfigurationIsVisible = 0;
			defaultConfigurationName = Release;
		};
		6BAE2739258FFF9E006B3ABF /* Build configuration list for PBXNativeTarget "Ness Botanical Gardens Vistor AppUITests" */ = {
			isa = XCConfigurationList;
			buildConfigurations = (
				6BAE273A258FFF9E006B3ABF /* Debug */,
				6BAE273B258FFF9E006B3ABF /* Release */,
			);
			defaultConfigurationIsVisible = 0;
			defaultConfigurationName = Release;
		};
/* End XCConfigurationList section */

/* Begin XCVersionGroup section */
		6BAE270D258FFF9B006B3ABF /* Ness_Botanical_Gardens_Vistor_App.xcdatamodeld */ = {
			isa = XCVersionGroup;
			children = (
				6BAE270E258FFF9B006B3ABF /* Ness_Botanical_Gardens_Vistor_App.xcdatamodel */,
			);
			currentVersion = 6BAE270E258FFF9B006B3ABF /* Ness_Botanical_Gardens_Vistor_App.xcdatamodel */;
			path = Ness_Botanical_Gardens_Vistor_App.xcdatamodeld;
			sourceTree = "<group>";
			versionGroupType = wrapper.xcdatamodel;
		};
/* End XCVersionGroup section */
	};
	rootObject = 6BAE26FE258FFF9B006B3ABF /* Project object */;
}
